
Microsoft Visual Studio Solution File, Format Version 12.00
# Visual Studio Version 16
VisualStudioVersion = 16.0.30320.27
MinimumVisualStudioVersion = 10.0.40219.1
Project("{FAE04EC0-301F-11D3-BF4B-00C04F79EFBC}") = "MyProject.Entity", "MyProject.Entity\MyProject.Entity.csproj", "{6C0989EB-6C73-4E18-B577-2AAF60F22873}"
EndProject
Project("{FAE04EC0-301F-11D3-BF4B-00C04F79EFBC}") = "MyProject.DataAccess", "MyProject.DataAccess\MyProject.DataAccess.csproj", "{6D1CCCC7-6DC5-4A61-8E9E-958A9E5566E8}"
EndProject
Project("{FAE04EC0-301F-11D3-BF4B-00C04F79EFBC}") = "MyProject.Business", "MyProject.Business\MyProject.Business.csproj", "{FFE330C9-C71D-44C9-9455-625DCCC9550A}"
EndProject
Project("{FAE04EC0-301F-11D3-BF4B-00C04F79EFBC}") = "MyProject.WebUI", "MyProject.WebUI\MyProject.WebUI.csproj", "{42A114DF-444E-457F-BD1D-2BC6F79BBF52}"
EndProject
Global
	GlobalSection(SolutionConfigurationPlatforms) = preSolution
		Debug|Any CPU = Debug|Any CPU
		Release|Any CPU = Release|Any CPU
	EndGlobalSection
	GlobalSection(ProjectConfigurationPlatforms) = postSolution
		{6C0989EB-6C73-4E18-B577-2AAF60F22873}.Debug|Any CPU.ActiveCfg = Debug|Any CPU
		{6C0989EB-6C73-4E18-B577-2AAF60F22873}.Debug|Any CPU.Build.0 = Debug|Any CPU
		{6C0989EB-6C73-4E18-B577-2AAF60F22873}.Release|Any CPU.ActiveCfg = Release|Any CPU
		{6C0989EB-6C73-4E18-B577-2AAF60F22873}.Release|Any CPU.Build.0 = Release|Any CPU
		{6D1CCCC7-6DC5-4A61-8E9E-958A9E5566E8}.Debug|Any CPU.ActiveCfg = Debug|Any CPU
		{6D1CCCC7-6DC5-4A61-8E9E-958A9E5566E8}.Debug|Any CPU.Build.0 = Debug|Any CPU
		{6D1CCCC7-6DC5-4A61-8E9E-958A9E5566E8}.Release|Any CPU.ActiveCfg = Release|Any CPU
		{6D1CCCC7-6DC5-4A61-8E9E-958A9E5566E8}.Release|Any CPU.Build.0 = Release|Any CPU
		{FFE330C9-C71D-44C9-9455-625DCCC9550A}.Debug|Any CPU.ActiveCfg = Debug|Any CPU
		{FFE330C9-C71D-44C9-9455-625DCCC9550A}.Debug|Any CPU.Build.0 = Debug|Any CPU
		{FFE330C9-C71D-44C9-9455-625DCCC9550A}.Release|Any CPU.ActiveCfg = Release|Any CPU
		{FFE330C9-C71D-44C9-9455-625DCCC9550A}.Release|Any CPU.Build.0 = Release|Any CPU
		{42A114DF-444E-457F-BD1D-2BC6F79BBF52}.Debug|Any CPU.ActiveCfg = Debug|Any CPU
		{42A114DF-444E-457F-BD1D-2BC6F79BBF52}.Debug|Any CPU.Build.0 = Debug|Any CPU
		{42A114DF-444E-457F-BD1D-2BC6F79BBF52}.Release|Any CPU.ActiveCfg = Release|Any CPU
		{42A114DF-444E-457F-BD1D-2BC6F79BBF52}.Release|Any CPU.Build.0 = Release|Any CPU
	EndGlobalSection
	GlobalSection(SolutionProperties) = preSolution
		HideSolutionNode = FALSE
	EndGlobalSection
	GlobalSection(ExtensibilityGlobals) = postSolution
		SolutionGuid = {C5F0B3B3-D770-4323-BEDE-977ADC896F56}
	EndGlobalSection
EndGlobal
